
Microsoft Visual Studio Solution File, Format Version 12.00
# Visual Studio 2013
VisualStudioVersion = 12.0.31101.0
MinimumVisualStudioVersion = 10.0.40219.1
Project("{FAE04EC0-301F-11D3-BF4B-00C04F79EFBC}") = "selenide-3.0.proxies.clr", "selenide-3.0.proxies.clr.csproj", "{DD614BE5-1C0E-4498-942A-5991F58E9479}"
EndProject
Global
	GlobalSection(SolutionConfigurationPlatforms) = preSolution
		Debug|Any CPU = Debug|Any CPU
		Release|Any CPU = Release|Any CPU
	EndGlobalSection
	GlobalSection(ProjectConfigurationPlatforms) = postSolution
		{DD614BE5-1C0E-4498-942A-5991F58E9479}.Debug|Any CPU.ActiveCfg = Debug|Any CPU
		{DD614BE5-1C0E-4498-942A-5991F58E9479}.Debug|Any CPU.Build.0 = Debug|Any CPU
		{DD614BE5-1C0E-4498-942A-5991F58E9479}.Release|Any CPU.ActiveCfg = Release|Any CPU
		{DD614BE5-1C0E-4498-942A-5991F58E9479}.Release|Any CPU.Build.0 = Release|Any CPU
	EndGlobalSection
	GlobalSection(SolutionProperties) = preSolution
		HideSolutionNode = FALSE
	EndGlobalSection
EndGlobal
